
Microsoft Visual Studio Solution File, Format Version 12.00
# Visual Studio Version 17
VisualStudioVersion = 17.3.32929.385
MinimumVisualStudioVersion = 10.0.40219.1
Project("{FAE04EC0-301F-11D3-BF4B-00C04F79EFBC}") = "Projekt", "Projekt.csproj", "{B1454CDC-BD1A-4F52-870B-88B3B3800A59}"
EndProject
Global
	GlobalSection(SolutionConfigurationPlatforms) = preSolution
		Debug|Any CPU = Debug|Any CPU
		Release|Any CPU = Release|Any CPU
	EndGlobalSection
	GlobalSection(ProjectConfigurationPlatforms) = postSolution
		{B1454CDC-BD1A-4F52-870B-88B3B3800A59}.Debug|Any CPU.ActiveCfg = Debug|Any CPU
		{B1454CDC-BD1A-4F52-870B-88B3B3800A59}.Debug|Any CPU.Build.0 = Debug|Any CPU
		{B1454CDC-BD1A-4F52-870B-88B3B3800A59}.Release|Any CPU.ActiveCfg = Release|Any CPU
		{B1454CDC-BD1A-4F52-870B-88B3B3800A59}.Release|Any CPU.Build.0 = Release|Any CPU
	EndGlobalSection
	GlobalSection(SolutionProperties) = preSolution
		HideSolutionNode = FALSE
	EndGlobalSection
	GlobalSection(ExtensibilityGlobals) = postSolution
		SolutionGuid = {BE687FB9-C24E-47DF-A8E0-F0F1C56940E5}
	EndGlobalSection
EndGlobal
